<?xml version="1.0" encoding="utf-8"?>
<Project ToolsVersion="4.0" xmlns="http://schemas.microsoft.com/developer/msbuild/2003">
  <ItemGroup>
    <ClInclude Include="..\..\src\engine\linalg.h" />
    <ClInclude Include="..\..\src\engine\font.h" />
    <ClInclude Include="..\..\src\engine\gl.h" />
    <ClInclude Include="..\..\src\engine\utf8.h" />
    <ClInclude Include="..\..\src\engine\transform.h" />
    <ClInclude Include="..\..\src\engine\geometry.h" />
  </ItemGroup>
  <ItemGroup>
    <ClCompile Include="..\..\src\engine\font.cpp" />
    <ClCompile Include="..\..\src\engine\gl.cpp" />
    <ClCompile Include="..\..\src\engine\utf8.cpp" />
    <ClCompile Include="..\..\src\engine\transform.cpp" />
    <ClCompile Include="..\..\dep\src\nanovg.c">
      <Filter>dep</Filter>
    </ClCompile>
    <ClCompile Include="..\..\src\engine\geometry.cpp" />
  </ItemGroup>
  <ItemGroup>
    <Filter Include="dep">
      <UniqueIdentifier>{b15a68d0-8a15-42d4-a73c-94aa8fb1687d}</UniqueIdentifier>
    </Filter>
  </ItemGroup>
  <ItemGroup>
    <None Include="packages.config" />
  </ItemGroup>
</Project>